
Microsoft Visual Studio Solution File, Format Version 12.00
# Visual Studio 15
VisualStudioVersion = 15.0.27130.2010
MinimumVisualStudioVersion = 10.0.40219.1
Project("{8BC9CEB8-8B4A-11D0-8D11-00A0C91BC942}") = "AtCoder_Beginner_047_A", "AtCoder_Beginner_047_A\AtCoder_Beginner_047_A.vcxproj", "{FFA6116A-7C74-4843-82D5-6DDA7057F3EE}"
EndProject
Global
	GlobalSection(SolutionConfigurationPlatforms) = preSolution
		Debug|x64 = Debug|x64
		Debug|x86 = Debug|x86
		Release|x64 = Release|x64
		Release|x86 = Release|x86
	EndGlobalSection
	GlobalSection(ProjectConfigurationPlatforms) = postSolution
		{FFA6116A-7C74-4843-82D5-6DDA7057F3EE}.Debug|x64.ActiveCfg = Debug|x64
		{FFA6116A-7C74-4843-82D5-6DDA7057F3EE}.Debug|x64.Build.0 = Debug|x64
		{FFA6116A-7C74-4843-82D5-6DDA7057F3EE}.Debug|x86.ActiveCfg = Debug|Win32
		{FFA6116A-7C74-4843-82D5-6DDA7057F3EE}.Debug|x86.Build.0 = Debug|Win32
		{FFA6116A-7C74-4843-82D5-6DDA7057F3EE}.Release|x64.ActiveCfg = Release|x64
		{FFA6116A-7C74-4843-82D5-6DDA7057F3EE}.Release|x64.Build.0 = Release|x64
		{FFA6116A-7C74-4843-82D5-6DDA7057F3EE}.Release|x86.ActiveCfg = Release|Win32
		{FFA6116A-7C74-4843-82D5-6DDA7057F3EE}.Release|x86.Build.0 = Release|Win32
	EndGlobalSection
	GlobalSection(SolutionProperties) = preSolution
		HideSolutionNode = FALSE
	EndGlobalSection
	GlobalSection(ExtensibilityGlobals) = postSolution
		SolutionGuid = {88084ED0-57BF-4C81-9734-F474487ACD3C}
	EndGlobalSection
EndGlobal
